
Microsoft Visual Studio Solution File, Format Version 12.00
# Visual Studio Version 17
VisualStudioVersion = 17.12.35506.116 d17.12
MinimumVisualStudioVersion = 10.0.40219.1
Project("{151D2E53-A2C4-4D7D-83FE-D05416EBD58E}") = "envifinal", "envifinal\envifinal.deployproj", "{28632486-E3C4-4DBC-9D9C-4B727D8C782B}"
EndProject
Global
	GlobalSection(SolutionConfigurationPlatforms) = preSolution
		Debug|Any CPU = Debug|Any CPU
		Release|Any CPU = Release|Any CPU
	EndGlobalSection
	GlobalSection(ProjectConfigurationPlatforms) = postSolution
		{28632486-E3C4-4DBC-9D9C-4B727D8C782B}.Debug|Any CPU.ActiveCfg = Debug|Any CPU
		{28632486-E3C4-4DBC-9D9C-4B727D8C782B}.Debug|Any CPU.Build.0 = Debug|Any CPU
		{28632486-E3C4-4DBC-9D9C-4B727D8C782B}.Release|Any CPU.ActiveCfg = Release|Any CPU
		{28632486-E3C4-4DBC-9D9C-4B727D8C782B}.Release|Any CPU.Build.0 = Release|Any CPU
	EndGlobalSection
	GlobalSection(SolutionProperties) = preSolution
		HideSolutionNode = FALSE
	EndGlobalSection
EndGlobal
